
Microsoft Visual Studio Solution File, Format Version 12.00
# Visual Studio Version 16
VisualStudioVersion = 16.0.30011.22
MinimumVisualStudioVersion = 10.0.40219.1
Project("{FAE04EC0-301F-11D3-BF4B-00C04F79EFBC}") = "ModuloFacturas", "ModuloFacturas.csproj", "{D80B076D-9E7D-4E6E-9DBC-2EE32F5FF98C}"
EndProject
Global
	GlobalSection(SolutionConfigurationPlatforms) = preSolution
		Debug|Any CPU = Debug|Any CPU
		Release|Any CPU = Release|Any CPU
	EndGlobalSection
	GlobalSection(ProjectConfigurationPlatforms) = postSolution
		{D80B076D-9E7D-4E6E-9DBC-2EE32F5FF98C}.Debug|Any CPU.ActiveCfg = Debug|Any CPU
		{D80B076D-9E7D-4E6E-9DBC-2EE32F5FF98C}.Debug|Any CPU.Build.0 = Debug|Any CPU
		{D80B076D-9E7D-4E6E-9DBC-2EE32F5FF98C}.Release|Any CPU.ActiveCfg = Release|Any CPU
		{D80B076D-9E7D-4E6E-9DBC-2EE32F5FF98C}.Release|Any CPU.Build.0 = Release|Any CPU
	EndGlobalSection
	GlobalSection(SolutionProperties) = preSolution
		HideSolutionNode = FALSE
	EndGlobalSection
	GlobalSection(ExtensibilityGlobals) = postSolution
		SolutionGuid = {7163164E-9C62-431A-B838-92435B88C613}
	EndGlobalSection
EndGlobal
